// !$*UTF8*$!
{
	archiveVersion = 1;
	classes = {
	};
	objectVersion = 55;
	objects = {

/* Begin PBXBuildFile section */
		2B718C182966A5930068884A /* MapCategoryCollectionViewCell.swift in Sources */ = {isa = PBXBuildFile; fileRef = 2B718C172966A5930068884A /* MapCategoryCollectionViewCell.swift */; };
		2B718C1A2966A6000068884A /* MapCategory.swift in Sources */ = {isa = PBXBuildFile; fileRef = 2B718C192966A6000068884A /* MapCategory.swift */; };
		BC04A6CA296FB8B200B60BCF /* KakaoSDKAuth in Frameworks */ = {isa = PBXBuildFile; productRef = BC04A6C9296FB8B200B60BCF /* KakaoSDKAuth */; };
		BC04A6CC296FB8B200B60BCF /* KakaoSDKCommon in Frameworks */ = {isa = PBXBuildFile; productRef = BC04A6CB296FB8B200B60BCF /* KakaoSDKCommon */; };
		BC04A6CE296FB8B200B60BCF /* KakaoSDKUser in Frameworks */ = {isa = PBXBuildFile; productRef = BC04A6CD296FB8B200B60BCF /* KakaoSDKUser */; };
		BC04A6D0296FB9BF00B60BCF /* APIKeyInfo.plist in Resources */ = {isa = PBXBuildFile; fileRef = BC04A6CF296FB9BF00B60BCF /* APIKeyInfo.plist */; };
		BC04A6D4296FBC5C00B60BCF /* SigninManagerProtocol.swift in Sources */ = {isa = PBXBuildFile; fileRef = BC04A6D3296FBC5C00B60BCF /* SigninManagerProtocol.swift */; };
		BC04A6D6296FBC6F00B60BCF /* KakaoSigninManager.swift in Sources */ = {isa = PBXBuildFile; fileRef = BC04A6D5296FBC6F00B60BCF /* KakaoSigninManager.swift */; };
		BC04A6D9296FBC8E00B60BCF /* UserDefaultUtil.swift in Sources */ = {isa = PBXBuildFile; fileRef = BC04A6D8296FBC8E00B60BCF /* UserDefaultUtil.swift */; };
		BC04A6DC296FDEC100B60BCF /* KeyChainManager.swift in Sources */ = {isa = PBXBuildFile; fileRef = BC04A6DB296FDEC100B60BCF /* KeyChainManager.swift */; };
		BC04A6DE296FF10100B60BCF /* TokenManager.swift in Sources */ = {isa = PBXBuildFile; fileRef = BC04A6DD296FF10100B60BCF /* TokenManager.swift */; };
		BC04A6E029700BD700B60BCF /* AppleSigninManager.swift in Sources */ = {isa = PBXBuildFile; fileRef = BC04A6DF29700BD700B60BCF /* AppleSigninManager.swift */; };
		BC04A6E329700DF400B60BCF /* KeyChainAccount.swift in Sources */ = {isa = PBXBuildFile; fileRef = BC04A6E229700DF400B60BCF /* KeyChainAccount.swift */; };
		BC04A6E529700E1400B60BCF /* KeyChainError.swift in Sources */ = {isa = PBXBuildFile; fileRef = BC04A6E429700E1400B60BCF /* KeyChainError.swift */; };
		BC056C562962B29F00EDCA18 /* SignupCoordinator.swift in Sources */ = {isa = PBXBuildFile; fileRef = BC056C552962B29F00EDCA18 /* SignupCoordinator.swift */; };
		BC056C5A2962B2B900EDCA18 /* LoginViewModel.swift in Sources */ = {isa = PBXBuildFile; fileRef = BC056C592962B2B900EDCA18 /* LoginViewModel.swift */; };
		BC056C5C2962B2C400EDCA18 /* LoginViewController.swift in Sources */ = {isa = PBXBuildFile; fileRef = BC056C5B2962B2C400EDCA18 /* LoginViewController.swift */; };
		BC056C5E2962B2CF00EDCA18 /* NicknameViewModel.swift in Sources */ = {isa = PBXBuildFile; fileRef = BC056C5D2962B2CF00EDCA18 /* NicknameViewModel.swift */; };
		BC056C602962B2D900EDCA18 /* NicknameViewController.swift in Sources */ = {isa = PBXBuildFile; fileRef = BC056C5F2962B2D900EDCA18 /* NicknameViewController.swift */; };
		BC0D88512963DCF300CCB800 /* LocationAndYearsViewModel.swift in Sources */ = {isa = PBXBuildFile; fileRef = BC0D88502963DCF300CCB800 /* LocationAndYearsViewModel.swift */; };
		BC0D88532963DD0D00CCB800 /* LocationAndYearsViewController.swift in Sources */ = {isa = PBXBuildFile; fileRef = BC0D88522963DD0D00CCB800 /* LocationAndYearsViewController.swift */; };
		BC0D88552963DD1D00CCB800 /* KakaoAddressViewController.swift in Sources */ = {isa = PBXBuildFile; fileRef = BC0D88542963DD1D00CCB800 /* KakaoAddressViewController.swift */; };
		BC0D88592964641400CCB800 /* YearMonthPickerView.swift in Sources */ = {isa = PBXBuildFile; fileRef = BC0D88582964641400CCB800 /* YearMonthPickerView.swift */; };
		BC6EFB7F293BD12300AB3332 /* RxCocoa in Frameworks */ = {isa = PBXBuildFile; productRef = BC6EFB7E293BD12300AB3332 /* RxCocoa */; };
		BC6EFB81293BD12300AB3332 /* RxRelay in Frameworks */ = {isa = PBXBuildFile; productRef = BC6EFB80293BD12300AB3332 /* RxRelay */; };
		BC6EFB83293BD12300AB3332 /* RxSwift in Frameworks */ = {isa = PBXBuildFile; productRef = BC6EFB82293BD12300AB3332 /* RxSwift */; };
		BC6EFB86293BD15A00AB3332 /* RxDataSources in Frameworks */ = {isa = PBXBuildFile; productRef = BC6EFB85293BD15A00AB3332 /* RxDataSources */; };
		BC7BCBCD29646EE1003BB4FF /* TownMoodViewController.swift in Sources */ = {isa = PBXBuildFile; fileRef = BC7BCBCC29646EE1003BB4FF /* TownMoodViewController.swift */; };
		BC7BCBCF29646EEA003BB4FF /* TownMoodViewModel.swift in Sources */ = {isa = PBXBuildFile; fileRef = BC7BCBCE29646EEA003BB4FF /* TownMoodViewModel.swift */; };
		BC99019C295F09720051CC9B /* NMapsMap in Frameworks */ = {isa = PBXBuildFile; productRef = BC99019B295F09720051CC9B /* NMapsMap */; };
		BC9E86522966821C00AB4AE7 /* SignupViewModelDelegate.swift in Sources */ = {isa = PBXBuildFile; fileRef = BC9E86512966821C00AB4AE7 /* SignupViewModelDelegate.swift */; };
		BC9F4D59296BE5FC0099473C /* FavoriteTownViewController.swift in Sources */ = {isa = PBXBuildFile; fileRef = BC9F4D58296BE5FC0099473C /* FavoriteTownViewController.swift */; };
		BC9F4D5B296BE6060099473C /* FavoriteViewModel.swift in Sources */ = {isa = PBXBuildFile; fileRef = BC9F4D5A296BE6060099473C /* FavoriteViewModel.swift */; };
		BC9F4D5E296BF0C90099473C /* AgreePolicyViewController.swift in Sources */ = {isa = PBXBuildFile; fileRef = BC9F4D5D296BF0C90099473C /* AgreePolicyViewController.swift */; };
		BC9F4D60296BF0D30099473C /* AgreePolicyViewModel.swift in Sources */ = {isa = PBXBuildFile; fileRef = BC9F4D5F296BF0D30099473C /* AgreePolicyViewModel.swift */; };
		BCE814F62967DAF200A6E3CB /* LoginCoordinator.swift in Sources */ = {isa = PBXBuildFile; fileRef = BCE814F52967DAF200A6E3CB /* LoginCoordinator.swift */; };
		BCE814F82967DBAD00A6E3CB /* LoginViewModelDelegate.swift in Sources */ = {isa = PBXBuildFile; fileRef = BCE814F72967DBAD00A6E3CB /* LoginViewModelDelegate.swift */; };
		F31A80C82949A5BB003B8A6E /* FindTownCore in Frameworks */ = {isa = PBXBuildFile; productRef = F31A80C72949A5BB003B8A6E /* FindTownCore */; };
		F31A80CA2949A5BB003B8A6E /* FindTownNetwork in Frameworks */ = {isa = PBXBuildFile; productRef = F31A80C92949A5BB003B8A6E /* FindTownNetwork */; };
		F31A80CC2949A5BB003B8A6E /* FindTownUI in Frameworks */ = {isa = PBXBuildFile; productRef = F31A80CB2949A5BB003B8A6E /* FindTownUI */; };
		F3219B5E2969403F000024E4 /* MapData.swift in Sources */ = {isa = PBXBuildFile; fileRef = F3219B5D2969403F000024E4 /* MapData.swift */; };
		F3219B602969407A000024E4 /* Category.swift in Sources */ = {isa = PBXBuildFile; fileRef = F3219B5F29694079000024E4 /* Category.swift */; };
		F3219B622969408C000024E4 /* DetailCategory.swift in Sources */ = {isa = PBXBuildFile; fileRef = F3219B612969408C000024E4 /* DetailCategory.swift */; };
		F3219B6729694328000024E4 /* MapDetailCategoryView.swift in Sources */ = {isa = PBXBuildFile; fileRef = F3219B6629694328000024E4 /* MapDetailCategoryView.swift */; };
		F3219B692969432C000024E4 /* MapDetailComponentView.swift in Sources */ = {isa = PBXBuildFile; fileRef = F3219B682969432C000024E4 /* MapDetailComponentView.swift */; };
		F3219B6C29699B25000024E4 /* MapStoreCollectionViewCell.swift in Sources */ = {isa = PBXBuildFile; fileRef = F3219B6B29699B25000024E4 /* MapStoreCollectionViewCell.swift */; };
		F3219B6E29699F88000024E4 /* Store.swift in Sources */ = {isa = PBXBuildFile; fileRef = F3219B6D29699F88000024E4 /* Store.swift */; };
		F3219B702969B32F000024E4 /* Thema.swift in Sources */ = {isa = PBXBuildFile; fileRef = F3219B6F2969B32F000024E4 /* Thema.swift */; };
		F3219B722969B346000024E4 /* StoreType.swift in Sources */ = {isa = PBXBuildFile; fileRef = F3219B712969B346000024E4 /* StoreType.swift */; };
		F3219B742969B351000024E4 /* StoreDetailType.swift in Sources */ = {isa = PBXBuildFile; fileRef = F3219B732969B351000024E4 /* StoreDetailType.swift */; };
		F3219B762969D169000024E4 /* AddressSheetViewController.swift in Sources */ = {isa = PBXBuildFile; fileRef = F3219B752969D169000024E4 /* AddressSheetViewController.swift */; };
		F3219B7A2969D53D000024E4 /* AddressSheetCoordinator.swift in Sources */ = {isa = PBXBuildFile; fileRef = F3219B792969D53D000024E4 /* AddressSheetCoordinator.swift */; };
		F3219B7C2969D589000024E4 /* AddressSheetViewModel.swift in Sources */ = {isa = PBXBuildFile; fileRef = F3219B7B2969D589000024E4 /* AddressSheetViewModel.swift */; };
		F3891E1F293B8393003CE8AD /* AppDelegate.swift in Sources */ = {isa = PBXBuildFile; fileRef = F3891E1E293B8393003CE8AD /* AppDelegate.swift */; };
		F3891E21293B8393003CE8AD /* SceneDelegate.swift in Sources */ = {isa = PBXBuildFile; fileRef = F3891E20293B8393003CE8AD /* SceneDelegate.swift */; };
		F3891E2B293B8394003CE8AD /* Assets.xcassets in Resources */ = {isa = PBXBuildFile; fileRef = F3891E2A293B8394003CE8AD /* Assets.xcassets */; };
		F3891E2E293B8394003CE8AD /* LaunchScreen.storyboard in Resources */ = {isa = PBXBuildFile; fileRef = F3891E2C293B8394003CE8AD /* LaunchScreen.storyboard */; };
		F3891E39293B8394003CE8AD /* FindTownTests.swift in Sources */ = {isa = PBXBuildFile; fileRef = F3891E38293B8394003CE8AD /* FindTownTests.swift */; };
		F3891E43293B8394003CE8AD /* FindTownUITests.swift in Sources */ = {isa = PBXBuildFile; fileRef = F3891E42293B8394003CE8AD /* FindTownUITests.swift */; };
		F3891E45293B8394003CE8AD /* FindTownUITestsLaunchTests.swift in Sources */ = {isa = PBXBuildFile; fileRef = F3891E44293B8394003CE8AD /* FindTownUITestsLaunchTests.swift */; };
		F38CCBD729582869000C16AF /* AppCoordinator.swift in Sources */ = {isa = PBXBuildFile; fileRef = F38CCBD529582869000C16AF /* AppCoordinator.swift */; };
		F38CCBD829582869000C16AF /* TabBarCoordinator.swift in Sources */ = {isa = PBXBuildFile; fileRef = F38CCBD629582869000C16AF /* TabBarCoordinator.swift */; };
		F38CCBDF2958287C000C16AF /* HomeViewModel.swift in Sources */ = {isa = PBXBuildFile; fileRef = F38CCBDB2958287C000C16AF /* HomeViewModel.swift */; };
		F38CCBE02958287C000C16AF /* HomeViewController.swift in Sources */ = {isa = PBXBuildFile; fileRef = F38CCBDC2958287C000C16AF /* HomeViewController.swift */; };
		F38CCBE12958287C000C16AF /* HomeCoordinator.swift in Sources */ = {isa = PBXBuildFile; fileRef = F38CCBDE2958287C000C16AF /* HomeCoordinator.swift */; };
		F38CCBE829582881000C16AF /* MapViewController.swift in Sources */ = {isa = PBXBuildFile; fileRef = F38CCBE429582881000C16AF /* MapViewController.swift */; };
		F38CCBE929582881000C16AF /* MapViewModel.swift in Sources */ = {isa = PBXBuildFile; fileRef = F38CCBE529582881000C16AF /* MapViewModel.swift */; };
		F38CCBEA29582881000C16AF /* MapCoordinator.swift in Sources */ = {isa = PBXBuildFile; fileRef = F38CCBE729582881000C16AF /* MapCoordinator.swift */; };
		F39EDDBC296D5AE500A4E655 /* City.swift in Sources */ = {isa = PBXBuildFile; fileRef = F39EDDBB296D5AE500A4E655 /* City.swift */; };
		F39EDDC0296D5D7D00A4E655 /* CityCollectionViewCell.swift in Sources */ = {isa = PBXBuildFile; fileRef = F39EDDBF296D5D7D00A4E655 /* CityCollectionViewCell.swift */; };
		F39EDDC2296D635100A4E655 /* CityType.swift in Sources */ = {isa = PBXBuildFile; fileRef = F39EDDC1296D635100A4E655 /* CityType.swift */; };
		F39EDDC4296D667800A4E655 /* County.swift in Sources */ = {isa = PBXBuildFile; fileRef = F39EDDC3296D667800A4E655 /* County.swift */; };
		F39EDDC8296D748200A4E655 /* CityCollectionView.swift in Sources */ = {isa = PBXBuildFile; fileRef = F39EDDC7296D748200A4E655 /* CityCollectionView.swift */; };
		F39EDDCA296D788800A4E655 /* CityCollectionViewFlowLayout.swift in Sources */ = {isa = PBXBuildFile; fileRef = F39EDDC9296D788800A4E655 /* CityCollectionViewFlowLayout.swift */; };
		F39EDDCC296D7A1800A4E655 /* CategoryCollectionView.swift in Sources */ = {isa = PBXBuildFile; fileRef = F39EDDCB296D7A1800A4E655 /* CategoryCollectionView.swift */; };
		F39EDDCE296D7A6900A4E655 /* CategoryCollectionViewFlowLayout.swift in Sources */ = {isa = PBXBuildFile; fileRef = F39EDDCD296D7A6900A4E655 /* CategoryCollectionViewFlowLayout.swift */; };
		F39EDDD0296D7BBF00A4E655 /* StoreCollectionView.swift in Sources */ = {isa = PBXBuildFile; fileRef = F39EDDCF296D7BBF00A4E655 /* StoreCollectionView.swift */; };
		F39EDDD2296D7C0E00A4E655 /* StoreCollectionViewFlowLayout.swift in Sources */ = {isa = PBXBuildFile; fileRef = F39EDDD1296D7C0E00A4E655 /* StoreCollectionViewFlowLayout.swift */; };
/* End PBXBuildFile section */

/* Begin PBXContainerItemProxy section */
		F3891E35293B8394003CE8AD /* PBXContainerItemProxy */ = {
			isa = PBXContainerItemProxy;
			containerPortal = F3891E13293B8393003CE8AD /* Project object */;
			proxyType = 1;
			remoteGlobalIDString = F3891E1A293B8393003CE8AD;
			remoteInfo = FindTown;
		};
		F3891E3F293B8394003CE8AD /* PBXContainerItemProxy */ = {
			isa = PBXContainerItemProxy;
			containerPortal = F3891E13293B8393003CE8AD /* Project object */;
			proxyType = 1;
			remoteGlobalIDString = F3891E1A293B8393003CE8AD;
			remoteInfo = FindTown;
		};
/* End PBXContainerItemProxy section */

/* Begin PBXFileReference section */
		2B718C172966A5930068884A /* MapCategoryCollectionViewCell.swift */ = {isa = PBXFileReference; lastKnownFileType = sourcecode.swift; path = MapCategoryCollectionViewCell.swift; sourceTree = "<group>"; };
		2B718C192966A6000068884A /* MapCategory.swift */ = {isa = PBXFileReference; lastKnownFileType = sourcecode.swift; path = MapCategory.swift; sourceTree = "<group>"; };
		BC04A6CF296FB9BF00B60BCF /* APIKeyInfo.plist */ = {isa = PBXFileReference; fileEncoding = 4; lastKnownFileType = text.plist.xml; name = APIKeyInfo.plist; path = ../../../../../../Downloads/APIKeyInfo.plist; sourceTree = "<group>"; };
		BC04A6D3296FBC5C00B60BCF /* SigninManagerProtocol.swift */ = {isa = PBXFileReference; lastKnownFileType = sourcecode.swift; path = SigninManagerProtocol.swift; sourceTree = "<group>"; };
		BC04A6D5296FBC6F00B60BCF /* KakaoSigninManager.swift */ = {isa = PBXFileReference; lastKnownFileType = sourcecode.swift; path = KakaoSigninManager.swift; sourceTree = "<group>"; };
		BC04A6D8296FBC8E00B60BCF /* UserDefaultUtil.swift */ = {isa = PBXFileReference; lastKnownFileType = sourcecode.swift; path = UserDefaultUtil.swift; sourceTree = "<group>"; };
		BC04A6DB296FDEC100B60BCF /* KeyChainManager.swift */ = {isa = PBXFileReference; lastKnownFileType = sourcecode.swift; path = KeyChainManager.swift; sourceTree = "<group>"; };
		BC04A6DD296FF10100B60BCF /* TokenManager.swift */ = {isa = PBXFileReference; lastKnownFileType = sourcecode.swift; path = TokenManager.swift; sourceTree = "<group>"; };
		BC04A6DF29700BD700B60BCF /* AppleSigninManager.swift */ = {isa = PBXFileReference; lastKnownFileType = sourcecode.swift; path = AppleSigninManager.swift; sourceTree = "<group>"; };
		BC04A6E229700DF400B60BCF /* KeyChainAccount.swift */ = {isa = PBXFileReference; lastKnownFileType = sourcecode.swift; path = KeyChainAccount.swift; sourceTree = "<group>"; };
		BC04A6E429700E1400B60BCF /* KeyChainError.swift */ = {isa = PBXFileReference; lastKnownFileType = sourcecode.swift; path = KeyChainError.swift; sourceTree = "<group>"; };
		BC056C552962B29F00EDCA18 /* SignupCoordinator.swift */ = {isa = PBXFileReference; lastKnownFileType = sourcecode.swift; path = SignupCoordinator.swift; sourceTree = "<group>"; };
		BC056C592962B2B900EDCA18 /* LoginViewModel.swift */ = {isa = PBXFileReference; lastKnownFileType = sourcecode.swift; path = LoginViewModel.swift; sourceTree = "<group>"; };
		BC056C5B2962B2C400EDCA18 /* LoginViewController.swift */ = {isa = PBXFileReference; lastKnownFileType = sourcecode.swift; path = LoginViewController.swift; sourceTree = "<group>"; };
		BC056C5D2962B2CF00EDCA18 /* NicknameViewModel.swift */ = {isa = PBXFileReference; lastKnownFileType = sourcecode.swift; path = NicknameViewModel.swift; sourceTree = "<group>"; };
		BC056C5F2962B2D900EDCA18 /* NicknameViewController.swift */ = {isa = PBXFileReference; lastKnownFileType = sourcecode.swift; path = NicknameViewController.swift; sourceTree = "<group>"; };
		BC0D88502963DCF300CCB800 /* LocationAndYearsViewModel.swift */ = {isa = PBXFileReference; lastKnownFileType = sourcecode.swift; path = LocationAndYearsViewModel.swift; sourceTree = "<group>"; };
		BC0D88522963DD0D00CCB800 /* LocationAndYearsViewController.swift */ = {isa = PBXFileReference; lastKnownFileType = sourcecode.swift; path = LocationAndYearsViewController.swift; sourceTree = "<group>"; };
		BC0D88542963DD1D00CCB800 /* KakaoAddressViewController.swift */ = {isa = PBXFileReference; lastKnownFileType = sourcecode.swift; path = KakaoAddressViewController.swift; sourceTree = "<group>"; };
		BC0D88582964641400CCB800 /* YearMonthPickerView.swift */ = {isa = PBXFileReference; lastKnownFileType = sourcecode.swift; path = YearMonthPickerView.swift; sourceTree = "<group>"; };
		BC7BCBCC29646EE1003BB4FF /* TownMoodViewController.swift */ = {isa = PBXFileReference; lastKnownFileType = sourcecode.swift; path = TownMoodViewController.swift; sourceTree = "<group>"; };
		BC7BCBCE29646EEA003BB4FF /* TownMoodViewModel.swift */ = {isa = PBXFileReference; lastKnownFileType = sourcecode.swift; path = TownMoodViewModel.swift; sourceTree = "<group>"; };
		BC9E86512966821C00AB4AE7 /* SignupViewModelDelegate.swift */ = {isa = PBXFileReference; lastKnownFileType = sourcecode.swift; path = SignupViewModelDelegate.swift; sourceTree = "<group>"; };
		BC9F4D58296BE5FC0099473C /* FavoriteTownViewController.swift */ = {isa = PBXFileReference; lastKnownFileType = sourcecode.swift; path = FavoriteTownViewController.swift; sourceTree = "<group>"; };
		BC9F4D5A296BE6060099473C /* FavoriteViewModel.swift */ = {isa = PBXFileReference; lastKnownFileType = sourcecode.swift; path = FavoriteViewModel.swift; sourceTree = "<group>"; };
		BC9F4D5D296BF0C90099473C /* AgreePolicyViewController.swift */ = {isa = PBXFileReference; lastKnownFileType = sourcecode.swift; path = AgreePolicyViewController.swift; sourceTree = "<group>"; };
		BC9F4D5F296BF0D30099473C /* AgreePolicyViewModel.swift */ = {isa = PBXFileReference; lastKnownFileType = sourcecode.swift; path = AgreePolicyViewModel.swift; sourceTree = "<group>"; };
		BCE814F52967DAF200A6E3CB /* LoginCoordinator.swift */ = {isa = PBXFileReference; lastKnownFileType = sourcecode.swift; path = LoginCoordinator.swift; sourceTree = "<group>"; };
		BCE814F72967DBAD00A6E3CB /* LoginViewModelDelegate.swift */ = {isa = PBXFileReference; lastKnownFileType = sourcecode.swift; path = LoginViewModelDelegate.swift; sourceTree = "<group>"; };
		F31A80C32949A556003B8A6E /* FindTownUI */ = {isa = PBXFileReference; lastKnownFileType = wrapper; path = FindTownUI; sourceTree = "<group>"; };
		F31A80C42949A568003B8A6E /* FindTownCore */ = {isa = PBXFileReference; lastKnownFileType = wrapper; path = FindTownCore; sourceTree = "<group>"; };
		F31A80C52949A577003B8A6E /* FindTownNetwork */ = {isa = PBXFileReference; lastKnownFileType = wrapper; path = FindTownNetwork; sourceTree = "<group>"; };
		F3219B5D2969403F000024E4 /* MapData.swift */ = {isa = PBXFileReference; lastKnownFileType = sourcecode.swift; path = MapData.swift; sourceTree = "<group>"; };
		F3219B5F29694079000024E4 /* Category.swift */ = {isa = PBXFileReference; lastKnownFileType = sourcecode.swift; path = Category.swift; sourceTree = "<group>"; };
		F3219B612969408C000024E4 /* DetailCategory.swift */ = {isa = PBXFileReference; lastKnownFileType = sourcecode.swift; path = DetailCategory.swift; sourceTree = "<group>"; };
		F3219B6629694328000024E4 /* MapDetailCategoryView.swift */ = {isa = PBXFileReference; lastKnownFileType = sourcecode.swift; path = MapDetailCategoryView.swift; sourceTree = "<group>"; };
		F3219B682969432C000024E4 /* MapDetailComponentView.swift */ = {isa = PBXFileReference; lastKnownFileType = sourcecode.swift; path = MapDetailComponentView.swift; sourceTree = "<group>"; };
		F3219B6B29699B25000024E4 /* MapStoreCollectionViewCell.swift */ = {isa = PBXFileReference; lastKnownFileType = sourcecode.swift; path = MapStoreCollectionViewCell.swift; sourceTree = "<group>"; };
		F3219B6D29699F88000024E4 /* Store.swift */ = {isa = PBXFileReference; lastKnownFileType = sourcecode.swift; path = Store.swift; sourceTree = "<group>"; };
		F3219B6F2969B32F000024E4 /* Thema.swift */ = {isa = PBXFileReference; lastKnownFileType = sourcecode.swift; path = Thema.swift; sourceTree = "<group>"; };
		F3219B712969B346000024E4 /* StoreType.swift */ = {isa = PBXFileReference; lastKnownFileType = sourcecode.swift; path = StoreType.swift; sourceTree = "<group>"; };
		F3219B732969B351000024E4 /* StoreDetailType.swift */ = {isa = PBXFileReference; lastKnownFileType = sourcecode.swift; path = StoreDetailType.swift; sourceTree = "<group>"; };
		F3219B752969D169000024E4 /* AddressSheetViewController.swift */ = {isa = PBXFileReference; lastKnownFileType = sourcecode.swift; path = AddressSheetViewController.swift; sourceTree = "<group>"; };
		F3219B792969D53D000024E4 /* AddressSheetCoordinator.swift */ = {isa = PBXFileReference; lastKnownFileType = sourcecode.swift; path = AddressSheetCoordinator.swift; sourceTree = "<group>"; };
		F3219B7B2969D589000024E4 /* AddressSheetViewModel.swift */ = {isa = PBXFileReference; lastKnownFileType = sourcecode.swift; path = AddressSheetViewModel.swift; sourceTree = "<group>"; };
		F3891E1B293B8393003CE8AD /* FindTown.app */ = {isa = PBXFileReference; explicitFileType = wrapper.application; includeInIndex = 0; path = FindTown.app; sourceTree = BUILT_PRODUCTS_DIR; };
		F3891E1E293B8393003CE8AD /* AppDelegate.swift */ = {isa = PBXFileReference; lastKnownFileType = sourcecode.swift; path = AppDelegate.swift; sourceTree = "<group>"; };
		F3891E20293B8393003CE8AD /* SceneDelegate.swift */ = {isa = PBXFileReference; lastKnownFileType = sourcecode.swift; path = SceneDelegate.swift; sourceTree = "<group>"; };
		F3891E2A293B8394003CE8AD /* Assets.xcassets */ = {isa = PBXFileReference; lastKnownFileType = folder.assetcatalog; path = Assets.xcassets; sourceTree = "<group>"; };
		F3891E2D293B8394003CE8AD /* Base */ = {isa = PBXFileReference; lastKnownFileType = file.storyboard; name = Base; path = Base.lproj/LaunchScreen.storyboard; sourceTree = "<group>"; };
		F3891E2F293B8394003CE8AD /* Info.plist */ = {isa = PBXFileReference; lastKnownFileType = text.plist.xml; path = Info.plist; sourceTree = "<group>"; };
		F3891E34293B8394003CE8AD /* FindTownTests.xctest */ = {isa = PBXFileReference; explicitFileType = wrapper.cfbundle; includeInIndex = 0; path = FindTownTests.xctest; sourceTree = BUILT_PRODUCTS_DIR; };
		F3891E38293B8394003CE8AD /* FindTownTests.swift */ = {isa = PBXFileReference; lastKnownFileType = sourcecode.swift; path = FindTownTests.swift; sourceTree = "<group>"; };
		F3891E3E293B8394003CE8AD /* FindTownUITests.xctest */ = {isa = PBXFileReference; explicitFileType = wrapper.cfbundle; includeInIndex = 0; path = FindTownUITests.xctest; sourceTree = BUILT_PRODUCTS_DIR; };
		F3891E42293B8394003CE8AD /* FindTownUITests.swift */ = {isa = PBXFileReference; lastKnownFileType = sourcecode.swift; path = FindTownUITests.swift; sourceTree = "<group>"; };
		F3891E44293B8394003CE8AD /* FindTownUITestsLaunchTests.swift */ = {isa = PBXFileReference; lastKnownFileType = sourcecode.swift; path = FindTownUITestsLaunchTests.swift; sourceTree = "<group>"; };
		F38CCBD529582869000C16AF /* AppCoordinator.swift */ = {isa = PBXFileReference; fileEncoding = 4; lastKnownFileType = sourcecode.swift; path = AppCoordinator.swift; sourceTree = "<group>"; };
		F38CCBD629582869000C16AF /* TabBarCoordinator.swift */ = {isa = PBXFileReference; fileEncoding = 4; lastKnownFileType = sourcecode.swift; path = TabBarCoordinator.swift; sourceTree = "<group>"; };
		F38CCBDB2958287C000C16AF /* HomeViewModel.swift */ = {isa = PBXFileReference; fileEncoding = 4; lastKnownFileType = sourcecode.swift; path = HomeViewModel.swift; sourceTree = "<group>"; };
		F38CCBDC2958287C000C16AF /* HomeViewController.swift */ = {isa = PBXFileReference; fileEncoding = 4; lastKnownFileType = sourcecode.swift; path = HomeViewController.swift; sourceTree = "<group>"; };
		F38CCBDE2958287C000C16AF /* HomeCoordinator.swift */ = {isa = PBXFileReference; fileEncoding = 4; lastKnownFileType = sourcecode.swift; path = HomeCoordinator.swift; sourceTree = "<group>"; };
		F38CCBE429582881000C16AF /* MapViewController.swift */ = {isa = PBXFileReference; fileEncoding = 4; lastKnownFileType = sourcecode.swift; path = MapViewController.swift; sourceTree = "<group>"; };
		F38CCBE529582881000C16AF /* MapViewModel.swift */ = {isa = PBXFileReference; fileEncoding = 4; lastKnownFileType = sourcecode.swift; path = MapViewModel.swift; sourceTree = "<group>"; };
		F38CCBE729582881000C16AF /* MapCoordinator.swift */ = {isa = PBXFileReference; fileEncoding = 4; lastKnownFileType = sourcecode.swift; path = MapCoordinator.swift; sourceTree = "<group>"; };
		F39EDDBB296D5AE500A4E655 /* City.swift */ = {isa = PBXFileReference; lastKnownFileType = sourcecode.swift; path = City.swift; sourceTree = "<group>"; };
		F39EDDBF296D5D7D00A4E655 /* CityCollectionViewCell.swift */ = {isa = PBXFileReference; lastKnownFileType = sourcecode.swift; path = CityCollectionViewCell.swift; sourceTree = "<group>"; };
		F39EDDC1296D635100A4E655 /* CityType.swift */ = {isa = PBXFileReference; lastKnownFileType = sourcecode.swift; path = CityType.swift; sourceTree = "<group>"; };
		F39EDDC3296D667800A4E655 /* County.swift */ = {isa = PBXFileReference; lastKnownFileType = sourcecode.swift; path = County.swift; sourceTree = "<group>"; };
		F39EDDC7296D748200A4E655 /* CityCollectionView.swift */ = {isa = PBXFileReference; lastKnownFileType = sourcecode.swift; path = CityCollectionView.swift; sourceTree = "<group>"; };
		F39EDDC9296D788800A4E655 /* CityCollectionViewFlowLayout.swift */ = {isa = PBXFileReference; lastKnownFileType = sourcecode.swift; path = CityCollectionViewFlowLayout.swift; sourceTree = "<group>"; };
		F39EDDCB296D7A1800A4E655 /* CategoryCollectionView.swift */ = {isa = PBXFileReference; lastKnownFileType = sourcecode.swift; path = CategoryCollectionView.swift; sourceTree = "<group>"; };
		F39EDDCD296D7A6900A4E655 /* CategoryCollectionViewFlowLayout.swift */ = {isa = PBXFileReference; lastKnownFileType = sourcecode.swift; path = CategoryCollectionViewFlowLayout.swift; sourceTree = "<group>"; };
		F39EDDCF296D7BBF00A4E655 /* StoreCollectionView.swift */ = {isa = PBXFileReference; lastKnownFileType = sourcecode.swift; path = StoreCollectionView.swift; sourceTree = "<group>"; };
		F39EDDD1296D7C0E00A4E655 /* StoreCollectionViewFlowLayout.swift */ = {isa = PBXFileReference; lastKnownFileType = sourcecode.swift; path = StoreCollectionViewFlowLayout.swift; sourceTree = "<group>"; };
/* End PBXFileReference section */

/* Begin PBXFrameworksBuildPhase section */
		F3891E18293B8393003CE8AD /* Frameworks */ = {
			isa = PBXFrameworksBuildPhase;
			buildActionMask = 2147483647;
			files = (
				F31A80CA2949A5BB003B8A6E /* FindTownNetwork in Frameworks */,
				BC04A6CE296FB8B200B60BCF /* KakaoSDKUser in Frameworks */,
				BC6EFB83293BD12300AB3332 /* RxSwift in Frameworks */,
				F31A80C82949A5BB003B8A6E /* FindTownCore in Frameworks */,
				BC6EFB86293BD15A00AB3332 /* RxDataSources in Frameworks */,
				F31A80CC2949A5BB003B8A6E /* FindTownUI in Frameworks */,
				BC99019C295F09720051CC9B /* NMapsMap in Frameworks */,
				BC6EFB81293BD12300AB3332 /* RxRelay in Frameworks */,
				BC6EFB7F293BD12300AB3332 /* RxCocoa in Frameworks */,
				BC04A6CC296FB8B200B60BCF /* KakaoSDKCommon in Frameworks */,
				BC04A6CA296FB8B200B60BCF /* KakaoSDKAuth in Frameworks */,
			);
			runOnlyForDeploymentPostprocessing = 0;
		};
		F3891E31293B8394003CE8AD /* Frameworks */ = {
			isa = PBXFrameworksBuildPhase;
			buildActionMask = 2147483647;
			files = (
			);
			runOnlyForDeploymentPostprocessing = 0;
		};
		F3891E3B293B8394003CE8AD /* Frameworks */ = {
			isa = PBXFrameworksBuildPhase;
			buildActionMask = 2147483647;
			files = (
			);
			runOnlyForDeploymentPostprocessing = 0;
		};
/* End PBXFrameworksBuildPhase section */

/* Begin PBXGroup section */
		BC04A6D1296FBC3900B60BCF /* Manager */ = {
			isa = PBXGroup;
			children = (
				BC04A6D3296FBC5C00B60BCF /* SigninManagerProtocol.swift */,
				BC04A6D5296FBC6F00B60BCF /* KakaoSigninManager.swift */,
				BC04A6DF29700BD700B60BCF /* AppleSigninManager.swift */,
			);
			path = Manager;
			sourceTree = "<group>";
		};
		BC04A6D7296FBC7900B60BCF /* Utils */ = {
			isa = PBXGroup;
			children = (
				BC04A6D8296FBC8E00B60BCF /* UserDefaultUtil.swift */,
			);
			path = Utils;
			sourceTree = "<group>";
		};
		BC04A6DA296FDE9900B60BCF /* Manager */ = {
			isa = PBXGroup;
			children = (
				BC04A6E129700DD700B60BCF /* KeyChain */,
				BC04A6DD296FF10100B60BCF /* TokenManager.swift */,
			);
			path = Manager;
			sourceTree = "<group>";
		};
		BC04A6E129700DD700B60BCF /* KeyChain */ = {
			isa = PBXGroup;
			children = (
				BC04A6DB296FDEC100B60BCF /* KeyChainManager.swift */,
				BC04A6E229700DF400B60BCF /* KeyChainAccount.swift */,
				BC04A6E429700E1400B60BCF /* KeyChainError.swift */,
			);
			path = KeyChain;
			sourceTree = "<group>";
		};
		BC056C512962B03B00EDCA18 /* AuthScene */ = {
			isa = PBXGroup;
			children = (
				BC5DA80A296696D500BF5C3D /* Signup */,
				BC056C532962B06100EDCA18 /* Login */,
				BC056C522962B05900EDCA18 /* Flows */,
			);
			path = AuthScene;
			sourceTree = "<group>";
		};
		BC056C522962B05900EDCA18 /* Flows */ = {
			isa = PBXGroup;
			children = (
				BC056C552962B29F00EDCA18 /* SignupCoordinator.swift */,
				BC9E86512966821C00AB4AE7 /* SignupViewModelDelegate.swift */,
				BCE814F52967DAF200A6E3CB /* LoginCoordinator.swift */,
				BCE814F72967DBAD00A6E3CB /* LoginViewModelDelegate.swift */,
			);
			path = Flows;
			sourceTree = "<group>";
		};
		BC056C532962B06100EDCA18 /* Login */ = {
			isa = PBXGroup;
			children = (
				BC056C592962B2B900EDCA18 /* LoginViewModel.swift */,
				BC056C5B2962B2C400EDCA18 /* LoginViewController.swift */,
			);
			path = Login;
			sourceTree = "<group>";
		};
		BC5DA80A296696D500BF5C3D /* Signup */ = {
			isa = PBXGroup;
			children = (
				BC9F4D5C296BEFFF0099473C /* AgreePolicy */,
				BC9F4D57296BE5BF0099473C /* FavoriteTown */,
				BC5DA80D2966974F00BF5C3D /* Nickname */,
				BC5DA80C2966970800BF5C3D /* LocationAndYears */,
				BC5DA80B296696F700BF5C3D /* TownMood */,
			);
			path = Signup;
			sourceTree = "<group>";
		};
		BC5DA80B296696F700BF5C3D /* TownMood */ = {
			isa = PBXGroup;
			children = (
				BC7BCBCC29646EE1003BB4FF /* TownMoodViewController.swift */,
				BC7BCBCE29646EEA003BB4FF /* TownMoodViewModel.swift */,
			);
			path = TownMood;
			sourceTree = "<group>";
		};
		BC5DA80C2966970800BF5C3D /* LocationAndYears */ = {
			isa = PBXGroup;
			children = (
				BC0D88502963DCF300CCB800 /* LocationAndYearsViewModel.swift */,
				BC0D88522963DD0D00CCB800 /* LocationAndYearsViewController.swift */,
				BC0D88542963DD1D00CCB800 /* KakaoAddressViewController.swift */,
				BC0D88582964641400CCB800 /* YearMonthPickerView.swift */,
			);
			path = LocationAndYears;
			sourceTree = "<group>";
		};
		BC5DA80D2966974F00BF5C3D /* Nickname */ = {
			isa = PBXGroup;
			children = (
				BC056C5D2962B2CF00EDCA18 /* NicknameViewModel.swift */,
				BC056C5F2962B2D900EDCA18 /* NicknameViewController.swift */,
			);
			path = Nickname;
			sourceTree = "<group>";
		};
		BC6EFB73293B9C2A00AB3332 /* Application */ = {
			isa = PBXGroup;
			children = (
				F3891E20293B8393003CE8AD /* SceneDelegate.swift */,
				F3891E1E293B8393003CE8AD /* AppDelegate.swift */,
			);
			path = Application;
			sourceTree = "<group>";
		};
		BC6EFB74293B9C3400AB3332 /* Domain */ = {
			isa = PBXGroup;
			children = (
				BC04A6DA296FDE9900B60BCF /* Manager */,
				F3219B5C29693FB2000024E4 /* Entities */,
			);
			path = Domain;
			sourceTree = "<group>";
		};
		BC6EFB75293B9C3800AB3332 /* Presentation */ = {
			isa = PBXGroup;
			children = (
				BC04A6D7296FBC7900B60BCF /* Utils */,
				BC056C512962B03B00EDCA18 /* AuthScene */,
				F38CCBD92958287C000C16AF /* HomeScene */,
				F38CCBE229582881000C16AF /* MapScene */,
				BC6EFB77293B9C4F00AB3332 /* Common */,
			);
			path = Presentation;
			sourceTree = "<group>";
		};
		BC6EFB77293B9C4F00AB3332 /* Common */ = {
			isa = PBXGroup;
			children = (
				F38CCBD429582869000C16AF /* Flow */,
			);
			path = Common;
			sourceTree = "<group>";
		};
		BC6EFB7A293BA31D00AB3332 /* Resource */ = {
			isa = PBXGroup;
			children = (
				F3891E2A293B8394003CE8AD /* Assets.xcassets */,
				BC04A6CF296FB9BF00B60BCF /* APIKeyInfo.plist */,
				F3891E2F293B8394003CE8AD /* Info.plist */,
				F3891E2C293B8394003CE8AD /* LaunchScreen.storyboard */,
			);
			path = Resource;
			sourceTree = "<group>";
		};
		BC9F4D57296BE5BF0099473C /* FavoriteTown */ = {
			isa = PBXGroup;
			children = (
				BC9F4D58296BE5FC0099473C /* FavoriteTownViewController.swift */,
				BC9F4D5A296BE6060099473C /* FavoriteViewModel.swift */,
			);
			path = FavoriteTown;
			sourceTree = "<group>";
		};
		BC9F4D5C296BEFFF0099473C /* AgreePolicy */ = {
			isa = PBXGroup;
			children = (
				BC9F4D5D296BF0C90099473C /* AgreePolicyViewController.swift */,
				BC9F4D5F296BF0D30099473C /* AgreePolicyViewModel.swift */,
			);
			path = AgreePolicy;
			sourceTree = "<group>";
		};
		F31A80C62949A5BB003B8A6E /* Frameworks */ = {
			isa = PBXGroup;
			children = (
			);
			name = Frameworks;
			sourceTree = "<group>";
		};
		F3219B5C29693FB2000024E4 /* Entities */ = {
			isa = PBXGroup;
			children = (
				2B718C192966A6000068884A /* MapCategory.swift */,
				F3219B5D2969403F000024E4 /* MapData.swift */,
				F3219B5F29694079000024E4 /* Category.swift */,
				F3219B612969408C000024E4 /* DetailCategory.swift */,
				F3219B6D29699F88000024E4 /* Store.swift */,
				F3219B6F2969B32F000024E4 /* Thema.swift */,
				F3219B712969B346000024E4 /* StoreType.swift */,
				F3219B732969B351000024E4 /* StoreDetailType.swift */,
				F39EDDBB296D5AE500A4E655 /* City.swift */,
				F39EDDC1296D635100A4E655 /* CityType.swift */,
				F39EDDC3296D667800A4E655 /* County.swift */,
			);
			path = Entities;
			sourceTree = "<group>";
		};
		F3219B632969412C000024E4 /* SubViews */ = {
			isa = PBXGroup;
			children = (
				F3219B6629694328000024E4 /* MapDetailCategoryView.swift */,
				F3219B682969432C000024E4 /* MapDetailComponentView.swift */,
				2B718C172966A5930068884A /* MapCategoryCollectionViewCell.swift */,
				F3219B6B29699B25000024E4 /* MapStoreCollectionViewCell.swift */,
				F39EDDCB296D7A1800A4E655 /* CategoryCollectionView.swift */,
				F39EDDCD296D7A6900A4E655 /* CategoryCollectionViewFlowLayout.swift */,
				F39EDDCF296D7BBF00A4E655 /* StoreCollectionView.swift */,
				F39EDDD1296D7C0E00A4E655 /* StoreCollectionViewFlowLayout.swift */,
			);
			path = SubViews;
			sourceTree = "<group>";
		};
		F3219B6A296944AD000024E4 /* AddressSheet */ = {
			isa = PBXGroup;
			children = (
				F3219B752969D169000024E4 /* AddressSheetViewController.swift */,
				F3219B7B2969D589000024E4 /* AddressSheetViewModel.swift */,
				F39EDDBE296D5D6D00A4E655 /* SubViews */,
			);
			path = AddressSheet;
			sourceTree = "<group>";
		};
		F3891E12293B8393003CE8AD = {
			isa = PBXGroup;
			children = (
				F31A80C52949A577003B8A6E /* FindTownNetwork */,
				F31A80C42949A568003B8A6E /* FindTownCore */,
				F31A80C32949A556003B8A6E /* FindTownUI */,
				F3891E1D293B8393003CE8AD /* FindTown */,
				F3891E37293B8394003CE8AD /* FindTownTests */,
				F3891E41293B8394003CE8AD /* FindTownUITests */,
				F3891E1C293B8393003CE8AD /* Products */,
				F31A80C62949A5BB003B8A6E /* Frameworks */,
			);
			sourceTree = "<group>";
		};
		F3891E1C293B8393003CE8AD /* Products */ = {
			isa = PBXGroup;
			children = (
				F3891E1B293B8393003CE8AD /* FindTown.app */,
				F3891E34293B8394003CE8AD /* FindTownTests.xctest */,
				F3891E3E293B8394003CE8AD /* FindTownUITests.xctest */,
			);
			name = Products;
			sourceTree = "<group>";
		};
		F3891E1D293B8393003CE8AD /* FindTown */ = {
			isa = PBXGroup;
			children = (
				BC04A6D1296FBC3900B60BCF /* Manager */,
				BC6EFB7A293BA31D00AB3332 /* Resource */,
				BC6EFB75293B9C3800AB3332 /* Presentation */,
				BC6EFB74293B9C3400AB3332 /* Domain */,
				BC6EFB73293B9C2A00AB3332 /* Application */,
			);
			path = FindTown;
			sourceTree = "<group>";
		};
		F3891E37293B8394003CE8AD /* FindTownTests */ = {
			isa = PBXGroup;
			children = (
				F3891E38293B8394003CE8AD /* FindTownTests.swift */,
			);
			path = FindTownTests;
			sourceTree = "<group>";
		};
		F3891E41293B8394003CE8AD /* FindTownUITests */ = {
			isa = PBXGroup;
			children = (
				F3891E42293B8394003CE8AD /* FindTownUITests.swift */,
				F3891E44293B8394003CE8AD /* FindTownUITestsLaunchTests.swift */,
			);
			path = FindTownUITests;
			sourceTree = "<group>";
		};
		F38CCBD429582869000C16AF /* Flow */ = {
			isa = PBXGroup;
			children = (
				F38CCBD529582869000C16AF /* AppCoordinator.swift */,
				F38CCBD629582869000C16AF /* TabBarCoordinator.swift */,
			);
			path = Flow;
			sourceTree = "<group>";
		};
		F38CCBD92958287C000C16AF /* HomeScene */ = {
			isa = PBXGroup;
			children = (
				F38CCBDD2958287C000C16AF /* Flows */,
				F38CCBDA2958287C000C16AF /* Home */,
			);
			path = HomeScene;
			sourceTree = "<group>";
		};
		F38CCBDA2958287C000C16AF /* Home */ = {
			isa = PBXGroup;
			children = (
				F38CCBDB2958287C000C16AF /* HomeViewModel.swift */,
				F38CCBDC2958287C000C16AF /* HomeViewController.swift */,
			);
			path = Home;
			sourceTree = "<group>";
		};
		F38CCBDD2958287C000C16AF /* Flows */ = {
			isa = PBXGroup;
			children = (
				F38CCBDE2958287C000C16AF /* HomeCoordinator.swift */,
			);
			path = Flows;
			sourceTree = "<group>";
		};
		F38CCBE229582881000C16AF /* MapScene */ = {
			isa = PBXGroup;
			children = (
				F38CCBE329582881000C16AF /* Map */,
				F3219B6A296944AD000024E4 /* AddressSheet */,
				F38CCBE629582881000C16AF /* Flows */,
			);
			name = MapScene;
			path = FindTown/Presentation/MapScene;
			sourceTree = SOURCE_ROOT;
		};
		F38CCBE329582881000C16AF /* Map */ = {
			isa = PBXGroup;
			children = (
				F38CCBE429582881000C16AF /* MapViewController.swift */,
				F38CCBE529582881000C16AF /* MapViewModel.swift */,
				F3219B632969412C000024E4 /* SubViews */,
			);
			path = Map;
			sourceTree = "<group>";
		};
		F38CCBE629582881000C16AF /* Flows */ = {
			isa = PBXGroup;
			children = (
				F38CCBE729582881000C16AF /* MapCoordinator.swift */,
				F3219B792969D53D000024E4 /* AddressSheetCoordinator.swift */,
			);
			path = Flows;
			sourceTree = "<group>";
		};
		F39EDDBE296D5D6D00A4E655 /* SubViews */ = {
			isa = PBXGroup;
			children = (
				F39EDDBF296D5D7D00A4E655 /* CityCollectionViewCell.swift */,
				F39EDDC7296D748200A4E655 /* CityCollectionView.swift */,
				F39EDDC9296D788800A4E655 /* CityCollectionViewFlowLayout.swift */,
			);
			path = SubViews;
			sourceTree = "<group>";
		};
/* End PBXGroup section */

/* Begin PBXNativeTarget section */
		F3891E1A293B8393003CE8AD /* FindTown */ = {
			isa = PBXNativeTarget;
			buildConfigurationList = F3891E48293B8394003CE8AD /* Build configuration list for PBXNativeTarget "FindTown" */;
			buildPhases = (
				F3891E17293B8393003CE8AD /* Sources */,
				F3891E18293B8393003CE8AD /* Frameworks */,
				F3891E19293B8393003CE8AD /* Resources */,
			);
			buildRules = (
			);
			dependencies = (
			);
			name = FindTown;
			packageProductDependencies = (
				BC6EFB7E293BD12300AB3332 /* RxCocoa */,
				BC6EFB80293BD12300AB3332 /* RxRelay */,
				BC6EFB82293BD12300AB3332 /* RxSwift */,
				BC6EFB85293BD15A00AB3332 /* RxDataSources */,
				F31A80C72949A5BB003B8A6E /* FindTownCore */,
				F31A80C92949A5BB003B8A6E /* FindTownNetwork */,
				F31A80CB2949A5BB003B8A6E /* FindTownUI */,
				BC99019B295F09720051CC9B /* NMapsMap */,
				BC04A6C9296FB8B200B60BCF /* KakaoSDKAuth */,
				BC04A6CB296FB8B200B60BCF /* KakaoSDKCommon */,
				BC04A6CD296FB8B200B60BCF /* KakaoSDKUser */,
			);
			productName = FindTown;
			productReference = F3891E1B293B8393003CE8AD /* FindTown.app */;
			productType = "com.apple.product-type.application";
		};
		F3891E33293B8394003CE8AD /* FindTownTests */ = {
			isa = PBXNativeTarget;
			buildConfigurationList = F3891E4B293B8394003CE8AD /* Build configuration list for PBXNativeTarget "FindTownTests" */;
			buildPhases = (
				F3891E30293B8394003CE8AD /* Sources */,
				F3891E31293B8394003CE8AD /* Frameworks */,
				F3891E32293B8394003CE8AD /* Resources */,
			);
			buildRules = (
			);
			dependencies = (
				F3891E36293B8394003CE8AD /* PBXTargetDependency */,
			);
			name = FindTownTests;
			packageProductDependencies = (
			);
			productName = FindTownTests;
			productReference = F3891E34293B8394003CE8AD /* FindTownTests.xctest */;
			productType = "com.apple.product-type.bundle.unit-test";
		};
		F3891E3D293B8394003CE8AD /* FindTownUITests */ = {
			isa = PBXNativeTarget;
			buildConfigurationList = F3891E4E293B8394003CE8AD /* Build configuration list for PBXNativeTarget "FindTownUITests" */;
			buildPhases = (
				F3891E3A293B8394003CE8AD /* Sources */,
				F3891E3B293B8394003CE8AD /* Frameworks */,
				F3891E3C293B8394003CE8AD /* Resources */,
			);
			buildRules = (
			);
			dependencies = (
				F3891E40293B8394003CE8AD /* PBXTargetDependency */,
			);
			name = FindTownUITests;
			packageProductDependencies = (
			);
			productName = FindTownUITests;
			productReference = F3891E3E293B8394003CE8AD /* FindTownUITests.xctest */;
			productType = "com.apple.product-type.bundle.ui-testing";
		};
/* End PBXNativeTarget section */

/* Begin PBXProject section */
		F3891E13293B8393003CE8AD /* Project object */ = {
			isa = PBXProject;
			attributes = {
				BuildIndependentTargetsInParallel = 1;
				LastSwiftUpdateCheck = 1340;
				LastUpgradeCheck = 1340;
				TargetAttributes = {
					F3891E1A293B8393003CE8AD = {
						CreatedOnToolsVersion = 13.4.1;
					};
					F3891E33293B8394003CE8AD = {
						CreatedOnToolsVersion = 13.4.1;
						TestTargetID = F3891E1A293B8393003CE8AD;
					};
					F3891E3D293B8394003CE8AD = {
						CreatedOnToolsVersion = 13.4.1;
						TestTargetID = F3891E1A293B8393003CE8AD;
					};
				};
			};
			buildConfigurationList = F3891E16293B8393003CE8AD /* Build configuration list for PBXProject "FindTown" */;
			compatibilityVersion = "Xcode 13.0";
			developmentRegion = en;
			hasScannedForEncodings = 0;
			knownRegions = (
				en,
				Base,
			);
			mainGroup = F3891E12293B8393003CE8AD;
			packageReferences = (
				BC6EFB7D293BD12300AB3332 /* XCRemoteSwiftPackageReference "RxSwift" */,
				BC6EFB84293BD15A00AB3332 /* XCRemoteSwiftPackageReference "RxDataSources" */,
				BC99019A295F09720051CC9B /* XCRemoteSwiftPackageReference "NMapsMap-SPM" */,
				BC04A6C8296FB8B200B60BCF /* XCRemoteSwiftPackageReference "kakao-ios-sdk" */,
			);
			productRefGroup = F3891E1C293B8393003CE8AD /* Products */;
			projectDirPath = "";
			projectRoot = "";
			targets = (
				F3891E1A293B8393003CE8AD /* FindTown */,
				F3891E33293B8394003CE8AD /* FindTownTests */,
				F3891E3D293B8394003CE8AD /* FindTownUITests */,
			);
		};
/* End PBXProject section */

/* Begin PBXResourcesBuildPhase section */
		F3891E19293B8393003CE8AD /* Resources */ = {
			isa = PBXResourcesBuildPhase;
			buildActionMask = 2147483647;
			files = (
				F3891E2E293B8394003CE8AD /* LaunchScreen.storyboard in Resources */,
				BC04A6D0296FB9BF00B60BCF /* APIKeyInfo.plist in Resources */,
				F3891E2B293B8394003CE8AD /* Assets.xcassets in Resources */,
			);
			runOnlyForDeploymentPostprocessing = 0;
		};
		F3891E32293B8394003CE8AD /* Resources */ = {
			isa = PBXResourcesBuildPhase;
			buildActionMask = 2147483647;
			files = (
			);
			runOnlyForDeploymentPostprocessing = 0;
		};
		F3891E3C293B8394003CE8AD /* Resources */ = {
			isa = PBXResourcesBuildPhase;
			buildActionMask = 2147483647;
			files = (
			);
			runOnlyForDeploymentPostprocessing = 0;
		};
/* End PBXResourcesBuildPhase section */

/* Begin PBXSourcesBuildPhase section */
		F3891E17293B8393003CE8AD /* Sources */ = {
			isa = PBXSourcesBuildPhase;
			buildActionMask = 2147483647;
			files = (
				F39EDDCC296D7A1800A4E655 /* CategoryCollectionView.swift in Sources */,
				BC04A6E329700DF400B60BCF /* KeyChainAccount.swift in Sources */,
				BC0D88592964641400CCB800 /* YearMonthPickerView.swift in Sources */,
				F3219B7C2969D589000024E4 /* AddressSheetViewModel.swift in Sources */,
				BC056C5E2962B2CF00EDCA18 /* NicknameViewModel.swift in Sources */,
				BC04A6DC296FDEC100B60BCF /* KeyChainManager.swift in Sources */,
				F38CCBD729582869000C16AF /* AppCoordinator.swift in Sources */,
				BC04A6E529700E1400B60BCF /* KeyChainError.swift in Sources */,
				BC056C602962B2D900EDCA18 /* NicknameViewController.swift in Sources */,
				F38CCBE929582881000C16AF /* MapViewModel.swift in Sources */,
				BC04A6E029700BD700B60BCF /* AppleSigninManager.swift in Sources */,
				F39EDDBC296D5AE500A4E655 /* City.swift in Sources */,
				BC04A6DE296FF10100B60BCF /* TokenManager.swift in Sources */,
				F39EDDD0296D7BBF00A4E655 /* StoreCollectionView.swift in Sources */,
				F39EDDC8296D748200A4E655 /* CityCollectionView.swift in Sources */,
				F38CCBEA29582881000C16AF /* MapCoordinator.swift in Sources */,
				BC04A6D4296FBC5C00B60BCF /* SigninManagerProtocol.swift in Sources */,
				F39EDDC2296D635100A4E655 /* CityType.swift in Sources */,
				BCE814F62967DAF200A6E3CB /* LoginCoordinator.swift in Sources */,
				BC9F4D5E296BF0C90099473C /* AgreePolicyViewController.swift in Sources */,
				BC0D88552963DD1D00CCB800 /* KakaoAddressViewController.swift in Sources */,
				BC056C5C2962B2C400EDCA18 /* LoginViewController.swift in Sources */,
				F3219B622969408C000024E4 /* DetailCategory.swift in Sources */,
				F39EDDD2296D7C0E00A4E655 /* StoreCollectionViewFlowLayout.swift in Sources */,
				F38CCBDF2958287C000C16AF /* HomeViewModel.swift in Sources */,
				BC0D88512963DCF300CCB800 /* LocationAndYearsViewModel.swift in Sources */,
				F3891E1F293B8393003CE8AD /* AppDelegate.swift in Sources */,
				BC9F4D59296BE5FC0099473C /* FavoriteTownViewController.swift in Sources */,
				BC7BCBCF29646EEA003BB4FF /* TownMoodViewModel.swift in Sources */,
				F39EDDC0296D5D7D00A4E655 /* CityCollectionViewCell.swift in Sources */,
				BCE814F82967DBAD00A6E3CB /* LoginViewModelDelegate.swift in Sources */,
				BC9F4D60296BF0D30099473C /* AgreePolicyViewModel.swift in Sources */,
				BC056C5A2962B2B900EDCA18 /* LoginViewModel.swift in Sources */,
				BC7BCBCD29646EE1003BB4FF /* TownMoodViewController.swift in Sources */,
				F3219B722969B346000024E4 /* StoreType.swift in Sources */,
				BC056C562962B29F00EDCA18 /* SignupCoordinator.swift in Sources */,
				BC9E86522966821C00AB4AE7 /* SignupViewModelDelegate.swift in Sources */,
				F38CCBE829582881000C16AF /* MapViewController.swift in Sources */,
				2B718C182966A5930068884A /* MapCategoryCollectionViewCell.swift in Sources */,
				BC04A6D9296FBC8E00B60BCF /* UserDefaultUtil.swift in Sources */,
				F38CCBD829582869000C16AF /* TabBarCoordinator.swift in Sources */,
				F3219B692969432C000024E4 /* MapDetailComponentView.swift in Sources */,
				F3219B7A2969D53D000024E4 /* AddressSheetCoordinator.swift in Sources */,
				2B718C1A2966A6000068884A /* MapCategory.swift in Sources */,
				F38CCBE12958287C000C16AF /* HomeCoordinator.swift in Sources */,
				F39EDDCE296D7A6900A4E655 /* CategoryCollectionViewFlowLayout.swift in Sources */,
				F3219B5E2969403F000024E4 /* MapData.swift in Sources */,
				F3219B6E29699F88000024E4 /* Store.swift in Sources */,
				F3219B702969B32F000024E4 /* Thema.swift in Sources */,
				F3219B602969407A000024E4 /* Category.swift in Sources */,
				F3219B6729694328000024E4 /* MapDetailCategoryView.swift in Sources */,
				F38CCBE02958287C000C16AF /* HomeViewController.swift in Sources */,
				BC9F4D5B296BE6060099473C /* FavoriteViewModel.swift in Sources */,
				BC0D88532963DD0D00CCB800 /* LocationAndYearsViewController.swift in Sources */,
				F3219B762969D169000024E4 /* AddressSheetViewController.swift in Sources */,
				F3219B6C29699B25000024E4 /* MapStoreCollectionViewCell.swift in Sources */,
				F3891E21293B8393003CE8AD /* SceneDelegate.swift in Sources */,
				F39EDDC4296D667800A4E655 /* County.swift in Sources */,
				F3219B742969B351000024E4 /* StoreDetailType.swift in Sources */,
				BC04A6D6296FBC6F00B60BCF /* KakaoSigninManager.swift in Sources */,
				F39EDDCA296D788800A4E655 /* CityCollectionViewFlowLayout.swift in Sources */,
			);
			runOnlyForDeploymentPostprocessing = 0;
		};
		F3891E30293B8394003CE8AD /* Sources */ = {
			isa = PBXSourcesBuildPhase;
			buildActionMask = 2147483647;
			files = (
				F3891E39293B8394003CE8AD /* FindTownTests.swift in Sources */,
			);
			runOnlyForDeploymentPostprocessing = 0;
		};
		F3891E3A293B8394003CE8AD /* Sources */ = {
			isa = PBXSourcesBuildPhase;
			buildActionMask = 2147483647;
			files = (
				F3891E45293B8394003CE8AD /* FindTownUITestsLaunchTests.swift in Sources */,
				F3891E43293B8394003CE8AD /* FindTownUITests.swift in Sources */,
			);
			runOnlyForDeploymentPostprocessing = 0;
		};
/* End PBXSourcesBuildPhase section */

/* Begin PBXTargetDependency section */
		F3891E36293B8394003CE8AD /* PBXTargetDependency */ = {
			isa = PBXTargetDependency;
			target = F3891E1A293B8393003CE8AD /* FindTown */;
			targetProxy = F3891E35293B8394003CE8AD /* PBXContainerItemProxy */;
		};
		F3891E40293B8394003CE8AD /* PBXTargetDependency */ = {
			isa = PBXTargetDependency;
			target = F3891E1A293B8393003CE8AD /* FindTown */;
			targetProxy = F3891E3F293B8394003CE8AD /* PBXContainerItemProxy */;
		};
/* End PBXTargetDependency section */

/* Begin PBXVariantGroup section */
		F3891E2C293B8394003CE8AD /* LaunchScreen.storyboard */ = {
			isa = PBXVariantGroup;
			children = (
				F3891E2D293B8394003CE8AD /* Base */,
			);
			name = LaunchScreen.storyboard;
			sourceTree = "<group>";
		};
/* End PBXVariantGroup section */

/* Begin XCBuildConfiguration section */
		F3891E46293B8394003CE8AD /* Debug */ = {
			isa = XCBuildConfiguration;
			buildSettings = {
				ALWAYS_SEARCH_USER_PATHS = NO;
				CLANG_ANALYZER_NONNULL = YES;
				CLANG_ANALYZER_NUMBER_OBJECT_CONVERSION = YES_AGGRESSIVE;
				CLANG_CXX_LANGUAGE_STANDARD = "gnu++17";
				CLANG_ENABLE_MODULES = YES;
				CLANG_ENABLE_OBJC_ARC = YES;
				CLANG_ENABLE_OBJC_WEAK = YES;
				CLANG_WARN_BLOCK_CAPTURE_AUTORELEASING = YES;
				CLANG_WARN_BOOL_CONVERSION = YES;
				CLANG_WARN_COMMA = YES;
				CLANG_WARN_CONSTANT_CONVERSION = YES;
				CLANG_WARN_DEPRECATED_OBJC_IMPLEMENTATIONS = YES;
				CLANG_WARN_DIRECT_OBJC_ISA_USAGE = YES_ERROR;
				CLANG_WARN_DOCUMENTATION_COMMENTS = YES;
				CLANG_WARN_EMPTY_BODY = YES;
				CLANG_WARN_ENUM_CONVERSION = YES;
				CLANG_WARN_INFINITE_RECURSION = YES;
				CLANG_WARN_INT_CONVERSION = YES;
				CLANG_WARN_NON_LITERAL_NULL_CONVERSION = YES;
				CLANG_WARN_OBJC_IMPLICIT_RETAIN_SELF = YES;
				CLANG_WARN_OBJC_LITERAL_CONVERSION = YES;
				CLANG_WARN_OBJC_ROOT_CLASS = YES_ERROR;
				CLANG_WARN_QUOTED_INCLUDE_IN_FRAMEWORK_HEADER = YES;
				CLANG_WARN_RANGE_LOOP_ANALYSIS = YES;
				CLANG_WARN_STRICT_PROTOTYPES = YES;
				CLANG_WARN_SUSPICIOUS_MOVE = YES;
				CLANG_WARN_UNGUARDED_AVAILABILITY = YES_AGGRESSIVE;
				CLANG_WARN_UNREACHABLE_CODE = YES;
				CLANG_WARN__DUPLICATE_METHOD_MATCH = YES;
				COPY_PHASE_STRIP = NO;
				DEBUG_INFORMATION_FORMAT = dwarf;
				ENABLE_STRICT_OBJC_MSGSEND = YES;
				ENABLE_TESTABILITY = YES;
				GCC_C_LANGUAGE_STANDARD = gnu11;
				GCC_DYNAMIC_NO_PIC = NO;
				GCC_NO_COMMON_BLOCKS = YES;
				GCC_OPTIMIZATION_LEVEL = 0;
				GCC_PREPROCESSOR_DEFINITIONS = (
					"DEBUG=1",
					"$(inherited)",
				);
				GCC_WARN_64_TO_32_BIT_CONVERSION = YES;
				GCC_WARN_ABOUT_RETURN_TYPE = YES_ERROR;
				GCC_WARN_UNDECLARED_SELECTOR = YES;
				GCC_WARN_UNINITIALIZED_AUTOS = YES_AGGRESSIVE;
				GCC_WARN_UNUSED_FUNCTION = YES;
				GCC_WARN_UNUSED_VARIABLE = YES;
				IPHONEOS_DEPLOYMENT_TARGET = 15.5;
				MTL_ENABLE_DEBUG_INFO = INCLUDE_SOURCE;
				MTL_FAST_MATH = YES;
				ONLY_ACTIVE_ARCH = YES;
				SDKROOT = iphoneos;
				SWIFT_ACTIVE_COMPILATION_CONDITIONS = DEBUG;
				SWIFT_OPTIMIZATION_LEVEL = "-Onone";
			};
			name = Debug;
		};
		F3891E47293B8394003CE8AD /* Release */ = {
			isa = XCBuildConfiguration;
			buildSettings = {
				ALWAYS_SEARCH_USER_PATHS = NO;
				CLANG_ANALYZER_NONNULL = YES;
				CLANG_ANALYZER_NUMBER_OBJECT_CONVERSION = YES_AGGRESSIVE;
				CLANG_CXX_LANGUAGE_STANDARD = "gnu++17";
				CLANG_ENABLE_MODULES = YES;
				CLANG_ENABLE_OBJC_ARC = YES;
				CLANG_ENABLE_OBJC_WEAK = YES;
				CLANG_WARN_BLOCK_CAPTURE_AUTORELEASING = YES;
				CLANG_WARN_BOOL_CONVERSION = YES;
				CLANG_WARN_COMMA = YES;
				CLANG_WARN_CONSTANT_CONVERSION = YES;
				CLANG_WARN_DEPRECATED_OBJC_IMPLEMENTATIONS = YES;
				CLANG_WARN_DIRECT_OBJC_ISA_USAGE = YES_ERROR;
				CLANG_WARN_DOCUMENTATION_COMMENTS = YES;
				CLANG_WARN_EMPTY_BODY = YES;
				CLANG_WARN_ENUM_CONVERSION = YES;
				CLANG_WARN_INFINITE_RECURSION = YES;
				CLANG_WARN_INT_CONVERSION = YES;
				CLANG_WARN_NON_LITERAL_NULL_CONVERSION = YES;
				CLANG_WARN_OBJC_IMPLICIT_RETAIN_SELF = YES;
				CLANG_WARN_OBJC_LITERAL_CONVERSION = YES;
				CLANG_WARN_OBJC_ROOT_CLASS = YES_ERROR;
				CLANG_WARN_QUOTED_INCLUDE_IN_FRAMEWORK_HEADER = YES;
				CLANG_WARN_RANGE_LOOP_ANALYSIS = YES;
				CLANG_WARN_STRICT_PROTOTYPES = YES;
				CLANG_WARN_SUSPICIOUS_MOVE = YES;
				CLANG_WARN_UNGUARDED_AVAILABILITY = YES_AGGRESSIVE;
				CLANG_WARN_UNREACHABLE_CODE = YES;
				CLANG_WARN__DUPLICATE_METHOD_MATCH = YES;
				COPY_PHASE_STRIP = NO;
				DEBUG_INFORMATION_FORMAT = "dwarf-with-dsym";
				ENABLE_NS_ASSERTIONS = NO;
				ENABLE_STRICT_OBJC_MSGSEND = YES;
				GCC_C_LANGUAGE_STANDARD = gnu11;
				GCC_NO_COMMON_BLOCKS = YES;
				GCC_WARN_64_TO_32_BIT_CONVERSION = YES;
				GCC_WARN_ABOUT_RETURN_TYPE = YES_ERROR;
				GCC_WARN_UNDECLARED_SELECTOR = YES;
				GCC_WARN_UNINITIALIZED_AUTOS = YES_AGGRESSIVE;
				GCC_WARN_UNUSED_FUNCTION = YES;
				GCC_WARN_UNUSED_VARIABLE = YES;
				IPHONEOS_DEPLOYMENT_TARGET = 15.5;
				MTL_ENABLE_DEBUG_INFO = NO;
				MTL_FAST_MATH = YES;
				SDKROOT = iphoneos;
				SWIFT_COMPILATION_MODE = wholemodule;
				SWIFT_OPTIMIZATION_LEVEL = "-O";
				VALIDATE_PRODUCT = YES;
			};
			name = Release;
		};
		F3891E49293B8394003CE8AD /* Debug */ = {
			isa = XCBuildConfiguration;
			buildSettings = {
				ASSETCATALOG_COMPILER_APPICON_NAME = AppIcon;
				ASSETCATALOG_COMPILER_GLOBAL_ACCENT_COLOR_NAME = AccentColor;
				CODE_SIGN_STYLE = Automatic;
				CURRENT_PROJECT_VERSION = 1;
				DEVELOPMENT_TEAM = F92UQYH2RA;
				GENERATE_INFOPLIST_FILE = YES;
				INFOPLIST_FILE = FindTown/Resource/Info.plist;
				INFOPLIST_KEY_UIApplicationSupportsIndirectInputEvents = YES;
				INFOPLIST_KEY_UILaunchStoryboardName = LaunchScreen;
				INFOPLIST_KEY_UISupportedInterfaceOrientations = UIInterfaceOrientationPortrait;
				INFOPLIST_KEY_UISupportedInterfaceOrientations_iPad = "UIInterfaceOrientationLandscapeLeft UIInterfaceOrientationLandscapeRight UIInterfaceOrientationPortrait UIInterfaceOrientationPortraitUpsideDown";
				INFOPLIST_KEY_UIUserInterfaceStyle = Light;
				IPHONEOS_DEPLOYMENT_TARGET = 15.0;
				LD_RUNPATH_SEARCH_PATHS = (
					"$(inherited)",
					"@executable_path/Frameworks",
				);
				MARKETING_VERSION = 1.0;
				PRODUCT_BUNDLE_IDENTIFIER = hoyoung.FindTown;
				PRODUCT_NAME = "$(TARGET_NAME)";
				SWIFT_EMIT_LOC_STRINGS = YES;
				SWIFT_VERSION = 5.0;
				TARGETED_DEVICE_FAMILY = "1,2";
			};
			name = Debug;
		};
		F3891E4A293B8394003CE8AD /* Release */ = {
			isa = XCBuildConfiguration;
			buildSettings = {
				ASSETCATALOG_COMPILER_APPICON_NAME = AppIcon;
				ASSETCATALOG_COMPILER_GLOBAL_ACCENT_COLOR_NAME = AccentColor;
				CODE_SIGN_STYLE = Automatic;
				CURRENT_PROJECT_VERSION = 1;
				DEVELOPMENT_TEAM = F92UQYH2RA;
				GENERATE_INFOPLIST_FILE = YES;
				INFOPLIST_FILE = FindTown/Resource/Info.plist;
				INFOPLIST_KEY_UIApplicationSupportsIndirectInputEvents = YES;
				INFOPLIST_KEY_UILaunchStoryboardName = LaunchScreen;
				INFOPLIST_KEY_UISupportedInterfaceOrientations = UIInterfaceOrientationPortrait;
				INFOPLIST_KEY_UISupportedInterfaceOrientations_iPad = "UIInterfaceOrientationLandscapeLeft UIInterfaceOrientationLandscapeRight UIInterfaceOrientationPortrait UIInterfaceOrientationPortraitUpsideDown";
				INFOPLIST_KEY_UIUserInterfaceStyle = Light;
				IPHONEOS_DEPLOYMENT_TARGET = 15.0;
				LD_RUNPATH_SEARCH_PATHS = (
					"$(inherited)",
					"@executable_path/Frameworks",
				);
				MARKETING_VERSION = 1.0;
				PRODUCT_BUNDLE_IDENTIFIER = hoyoung.FindTown;
				PRODUCT_NAME = "$(TARGET_NAME)";
				SWIFT_EMIT_LOC_STRINGS = YES;
				SWIFT_VERSION = 5.0;
				TARGETED_DEVICE_FAMILY = "1,2";
			};
			name = Release;
		};
		F3891E4C293B8394003CE8AD /* Debug */ = {
			isa = XCBuildConfiguration;
			buildSettings = {
				ALWAYS_EMBED_SWIFT_STANDARD_LIBRARIES = YES;
				BUNDLE_LOADER = "$(TEST_HOST)";
				CODE_SIGN_STYLE = Automatic;
				CURRENT_PROJECT_VERSION = 1;
				DEVELOPMENT_TEAM = CADXU3X8JU;
				GENERATE_INFOPLIST_FILE = YES;
				IPHONEOS_DEPLOYMENT_TARGET = 15.5;
				MARKETING_VERSION = 1.0;
				PRODUCT_BUNDLE_IDENTIFIER = hoyoung.FindTownTests;
				PRODUCT_NAME = "$(TARGET_NAME)";
				SWIFT_EMIT_LOC_STRINGS = NO;
				SWIFT_VERSION = 5.0;
				TARGETED_DEVICE_FAMILY = "1,2";
				TEST_HOST = "$(BUILT_PRODUCTS_DIR)/FindTown.app/FindTown";
			};
			name = Debug;
		};
		F3891E4D293B8394003CE8AD /* Release */ = {
			isa = XCBuildConfiguration;
			buildSettings = {
				ALWAYS_EMBED_SWIFT_STANDARD_LIBRARIES = YES;
				BUNDLE_LOADER = "$(TEST_HOST)";
				CODE_SIGN_STYLE = Automatic;
				CURRENT_PROJECT_VERSION = 1;
				DEVELOPMENT_TEAM = CADXU3X8JU;
				GENERATE_INFOPLIST_FILE = YES;
				IPHONEOS_DEPLOYMENT_TARGET = 15.5;
				MARKETING_VERSION = 1.0;
				PRODUCT_BUNDLE_IDENTIFIER = hoyoung.FindTownTests;
				PRODUCT_NAME = "$(TARGET_NAME)";
				SWIFT_EMIT_LOC_STRINGS = NO;
				SWIFT_VERSION = 5.0;
				TARGETED_DEVICE_FAMILY = "1,2";
				TEST_HOST = "$(BUILT_PRODUCTS_DIR)/FindTown.app/FindTown";
			};
			name = Release;
		};
		F3891E4F293B8394003CE8AD /* Debug */ = {
			isa = XCBuildConfiguration;
			buildSettings = {
				ALWAYS_EMBED_SWIFT_STANDARD_LIBRARIES = YES;
				CODE_SIGN_STYLE = Automatic;
				CURRENT_PROJECT_VERSION = 1;
				DEVELOPMENT_TEAM = CADXU3X8JU;
				GENERATE_INFOPLIST_FILE = YES;
				MARKETING_VERSION = 1.0;
				PRODUCT_BUNDLE_IDENTIFIER = hoyoung.FindTownUITests;
				PRODUCT_NAME = "$(TARGET_NAME)";
				SWIFT_EMIT_LOC_STRINGS = NO;
				SWIFT_VERSION = 5.0;
				TARGETED_DEVICE_FAMILY = "1,2";
				TEST_TARGET_NAME = FindTown;
			};
			name = Debug;
		};
		F3891E50293B8394003CE8AD /* Release */ = {
			isa = XCBuildConfiguration;
			buildSettings = {
				ALWAYS_EMBED_SWIFT_STANDARD_LIBRARIES = YES;
				CODE_SIGN_STYLE = Automatic;
				CURRENT_PROJECT_VERSION = 1;
				DEVELOPMENT_TEAM = CADXU3X8JU;
				GENERATE_INFOPLIST_FILE = YES;
				MARKETING_VERSION = 1.0;
				PRODUCT_BUNDLE_IDENTIFIER = hoyoung.FindTownUITests;
				PRODUCT_NAME = "$(TARGET_NAME)";
				SWIFT_EMIT_LOC_STRINGS = NO;
				SWIFT_VERSION = 5.0;
				TARGETED_DEVICE_FAMILY = "1,2";
				TEST_TARGET_NAME = FindTown;
			};
			name = Release;
		};
/* End XCBuildConfiguration section */

/* Begin XCConfigurationList section */
		F3891E16293B8393003CE8AD /* Build configuration list for PBXProject "FindTown" */ = {
			isa = XCConfigurationList;
			buildConfigurations = (
				F3891E46293B8394003CE8AD /* Debug */,
				F3891E47293B8394003CE8AD /* Release */,
			);
			defaultConfigurationIsVisible = 0;
			defaultConfigurationName = Release;
		};
		F3891E48293B8394003CE8AD /* Build configuration list for PBXNativeTarget "FindTown" */ = {
			isa = XCConfigurationList;
			buildConfigurations = (
				F3891E49293B8394003CE8AD /* Debug */,
				F3891E4A293B8394003CE8AD /* Release */,
			);
			defaultConfigurationIsVisible = 0;
			defaultConfigurationName = Release;
		};
		F3891E4B293B8394003CE8AD /* Build configuration list for PBXNativeTarget "FindTownTests" */ = {
			isa = XCConfigurationList;
			buildConfigurations = (
				F3891E4C293B8394003CE8AD /* Debug */,
				F3891E4D293B8394003CE8AD /* Release */,
			);
			defaultConfigurationIsVisible = 0;
			defaultConfigurationName = Release;
		};
		F3891E4E293B8394003CE8AD /* Build configuration list for PBXNativeTarget "FindTownUITests" */ = {
			isa = XCConfigurationList;
			buildConfigurations = (
				F3891E4F293B8394003CE8AD /* Debug */,
				F3891E50293B8394003CE8AD /* Release */,
			);
			defaultConfigurationIsVisible = 0;
			defaultConfigurationName = Release;
		};
/* End XCConfigurationList section */

/* Begin XCRemoteSwiftPackageReference section */
		BC04A6C8296FB8B200B60BCF /* XCRemoteSwiftPackageReference "kakao-ios-sdk" */ = {
			isa = XCRemoteSwiftPackageReference;
			repositoryURL = "https://github.com/kakao/kakao-ios-sdk";
			requirement = {
				branch = master;
				kind = branch;
			};
		};
		BC6EFB7D293BD12300AB3332 /* XCRemoteSwiftPackageReference "RxSwift" */ = {
			isa = XCRemoteSwiftPackageReference;
			repositoryURL = "https://github.com/ReactiveX/RxSwift.git";
			requirement = {
				branch = main;
				kind = branch;
			};
		};
		BC6EFB84293BD15A00AB3332 /* XCRemoteSwiftPackageReference "RxDataSources" */ = {
			isa = XCRemoteSwiftPackageReference;
			repositoryURL = "https://github.com/RxSwiftCommunity/RxDataSources";
			requirement = {
				branch = main;
				kind = branch;
			};
		};
		BC99019A295F09720051CC9B /* XCRemoteSwiftPackageReference "NMapsMap-SPM" */ = {
			isa = XCRemoteSwiftPackageReference;
			repositoryURL = "https://github.com/jaemyeong/NMapsMap-SPM.git";
			requirement = {
				kind = exactVersion;
				version = 3.16.0;
			};
		};
/* End XCRemoteSwiftPackageReference section */

/* Begin XCSwiftPackageProductDependency section */
		BC04A6C9296FB8B200B60BCF /* KakaoSDKAuth */ = {
			isa = XCSwiftPackageProductDependency;
			package = BC04A6C8296FB8B200B60BCF /* XCRemoteSwiftPackageReference "kakao-ios-sdk" */;
			productName = KakaoSDKAuth;
		};
		BC04A6CB296FB8B200B60BCF /* KakaoSDKCommon */ = {
			isa = XCSwiftPackageProductDependency;
			package = BC04A6C8296FB8B200B60BCF /* XCRemoteSwiftPackageReference "kakao-ios-sdk" */;
			productName = KakaoSDKCommon;
		};
		BC04A6CD296FB8B200B60BCF /* KakaoSDKUser */ = {
			isa = XCSwiftPackageProductDependency;
			package = BC04A6C8296FB8B200B60BCF /* XCRemoteSwiftPackageReference "kakao-ios-sdk" */;
			productName = KakaoSDKUser;
		};
		BC6EFB7E293BD12300AB3332 /* RxCocoa */ = {
			isa = XCSwiftPackageProductDependency;
			package = BC6EFB7D293BD12300AB3332 /* XCRemoteSwiftPackageReference "RxSwift" */;
			productName = RxCocoa;
		};
		BC6EFB80293BD12300AB3332 /* RxRelay */ = {
			isa = XCSwiftPackageProductDependency;
			package = BC6EFB7D293BD12300AB3332 /* XCRemoteSwiftPackageReference "RxSwift" */;
			productName = RxRelay;
		};
		BC6EFB82293BD12300AB3332 /* RxSwift */ = {
			isa = XCSwiftPackageProductDependency;
			package = BC6EFB7D293BD12300AB3332 /* XCRemoteSwiftPackageReference "RxSwift" */;
			productName = RxSwift;
		};
		BC6EFB85293BD15A00AB3332 /* RxDataSources */ = {
			isa = XCSwiftPackageProductDependency;
			package = BC6EFB84293BD15A00AB3332 /* XCRemoteSwiftPackageReference "RxDataSources" */;
			productName = RxDataSources;
		};
		BC99019B295F09720051CC9B /* NMapsMap */ = {
			isa = XCSwiftPackageProductDependency;
			package = BC99019A295F09720051CC9B /* XCRemoteSwiftPackageReference "NMapsMap-SPM" */;
			productName = NMapsMap;
		};
		F31A80C72949A5BB003B8A6E /* FindTownCore */ = {
			isa = XCSwiftPackageProductDependency;
			productName = FindTownCore;
		};
		F31A80C92949A5BB003B8A6E /* FindTownNetwork */ = {
			isa = XCSwiftPackageProductDependency;
			productName = FindTownNetwork;
		};
		F31A80CB2949A5BB003B8A6E /* FindTownUI */ = {
			isa = XCSwiftPackageProductDependency;
			productName = FindTownUI;
		};
/* End XCSwiftPackageProductDependency section */
	};
	rootObject = F3891E13293B8393003CE8AD /* Project object */;
}
